
Microsoft Visual Studio Solution File, Format Version 12.00
# Visual Studio Version 16
VisualStudioVersion = 16.0.30011.22
MinimumVisualStudioVersion = 10.0.40219.1
Project("{FAE04EC0-301F-11D3-BF4B-00C04F79EFBC}") = "CodeB", "CodeB\CodeB.csproj", "{73B2D6F9-3B90-4012-889F-5519F7D4C41E}"
EndProject
Project("{FAE04EC0-301F-11D3-BF4B-00C04F79EFBC}") = "ClassB.Data", "ClassB.Data\ClassB.Data.csproj", "{5AA0BAA8-7D66-4117-A20C-347B49122C9D}"
EndProject
Project("{FAE04EC0-301F-11D3-BF4B-00C04F79EFBC}") = "ClassB.Services", "ClassB.Services\ClassB.Services.csproj", "{461EC44B-AA71-44C9-BB66-F4E535E3E08D}"
EndProject
Project("{FAE04EC0-301F-11D3-BF4B-00C04F79EFBC}") = "ClassB.Models", "ClassB.Models\ClassB.Models.csproj", "{A391FDAB-49AA-4CF9-AB2B-6276E76AA938}"
EndProject
Global
	GlobalSection(SolutionConfigurationPlatforms) = preSolution
		Debug|Any CPU = Debug|Any CPU
		Release|Any CPU = Release|Any CPU
	EndGlobalSection
	GlobalSection(ProjectConfigurationPlatforms) = postSolution
		{73B2D6F9-3B90-4012-889F-5519F7D4C41E}.Debug|Any CPU.ActiveCfg = Debug|Any CPU
		{73B2D6F9-3B90-4012-889F-5519F7D4C41E}.Debug|Any CPU.Build.0 = Debug|Any CPU
		{73B2D6F9-3B90-4012-889F-5519F7D4C41E}.Release|Any CPU.ActiveCfg = Release|Any CPU
		{73B2D6F9-3B90-4012-889F-5519F7D4C41E}.Release|Any CPU.Build.0 = Release|Any CPU
		{5AA0BAA8-7D66-4117-A20C-347B49122C9D}.Debug|Any CPU.ActiveCfg = Debug|Any CPU
		{5AA0BAA8-7D66-4117-A20C-347B49122C9D}.Debug|Any CPU.Build.0 = Debug|Any CPU
		{5AA0BAA8-7D66-4117-A20C-347B49122C9D}.Release|Any CPU.ActiveCfg = Release|Any CPU
		{5AA0BAA8-7D66-4117-A20C-347B49122C9D}.Release|Any CPU.Build.0 = Release|Any CPU
		{461EC44B-AA71-44C9-BB66-F4E535E3E08D}.Debug|Any CPU.ActiveCfg = Debug|Any CPU
		{461EC44B-AA71-44C9-BB66-F4E535E3E08D}.Debug|Any CPU.Build.0 = Debug|Any CPU
		{461EC44B-AA71-44C9-BB66-F4E535E3E08D}.Release|Any CPU.ActiveCfg = Release|Any CPU
		{461EC44B-AA71-44C9-BB66-F4E535E3E08D}.Release|Any CPU.Build.0 = Release|Any CPU
		{A391FDAB-49AA-4CF9-AB2B-6276E76AA938}.Debug|Any CPU.ActiveCfg = Debug|Any CPU
		{A391FDAB-49AA-4CF9-AB2B-6276E76AA938}.Debug|Any CPU.Build.0 = Debug|Any CPU
		{A391FDAB-49AA-4CF9-AB2B-6276E76AA938}.Release|Any CPU.ActiveCfg = Release|Any CPU
		{A391FDAB-49AA-4CF9-AB2B-6276E76AA938}.Release|Any CPU.Build.0 = Release|Any CPU
	EndGlobalSection
	GlobalSection(SolutionProperties) = preSolution
		HideSolutionNode = FALSE
	EndGlobalSection
	GlobalSection(ExtensibilityGlobals) = postSolution
		SolutionGuid = {F05701E0-34B6-4298-B2D4-DE10AC0164EB}
	EndGlobalSection
EndGlobal
